<?xml version="1.0" encoding="UTF-8"?>
<!DOCTYPE plist PUBLIC "-//Apple//DTD PLIST 1.0//EN" "http://www.apple.com/DTDs/PropertyList-1.0.dtd">
<plist version="1.0">
<dict>
	<key>archiveVersion</key>
	<string>1</string>
	<key>classes</key>
	<dict/>
	<key>objectVersion</key>
	<string>46</string>
	<key>objects</key>
	<dict>
		<key></key>
		<dict>
			<key>files</key>
			<array>
				<string>8CFAFFD9F6504D7AA35DB3C5</string>
			</array>
			<key>isa</key>
			<string>PBXResourcesBuildPhase</string>
		</dict>
		<key>006D6B6A6C974CFA9559509B</key>
		<dict>
			<key>buildActionMask</key>
			<string>2147483647</string>
			<key>files</key>
			<array>
				<string>E842C588B332446681E03843</string>
				<string>87E6585637B44DD59D975735</string>
				<string>10BBD3751B184F0CB5DDE034</string>
				<string>EE0D16B424B94DBE90256B6D</string>
			</array>
			<key>isa</key>
			<string>PBXFrameworksBuildPhase</string>
			<key>runOnlyForDeploymentPostprocessing</key>
			<string>0</string>
		</dict>
		<key>0E3B31E3EB2D46CA9ABC4E39</key>
		<dict>
			<key>buildConfigurations</key>
			<array>
				<string>9EB7931B35E3427CAE06BE68</string>
				<string>B6EA6175192F4E61AAD2012D</string>
			</array>
			<key>defaultConfigurationIsVisible</key>
			<string>0</string>
			<key>defaultConfigurationName</key>
			<string>Release</string>
			<key>isa</key>
			<string>XCConfigurationList</string>
		</dict>
		<key>0F0F097B1BEF4DB999EF0FB0</key>
		<dict>
			<key>includeInIndex</key>
			<string>1</string>
			<key>isa</key>
			<string>PBXFileReference</string>
			<key>lastKnownFileType</key>
			<string>sourcecode.c.objc</string>
			<key>name</key>
			<string>main.m</string>
			<key>path</key>
			<string>src/main.m</string>
			<key>sourceTree</key>
			<string>SOURCE_ROOT</string>
		</dict>
		<key>10BBD3751B184F0CB5DDE034</key>
		<dict>
			<key>fileRef</key>
			<string>6B8C7CB03535445CA544E7A3</string>
			<key>isa</key>
			<string>PBXBuildFile</string>
			<key>settings</key>
			<dict/>
		</dict>
		<key>13013FFEC2074960B35386AE</key>
		<dict>
			<key>includeInIndex</key>
			<string>1</string>
			<key>isa</key>
			<string>PBXFileReference</string>
			<key>name</key>
			<string>converter-Prefix.pch</string>
			<key>path</key>
			<string>src/converter-Prefix.pch</string>
			<key>sourceTree</key>
			<string>SOURCE_ROOT</string>
		</dict>
		<key>1DF635B22B92483AB85A8220</key>
		<dict>
			<key>attributes</key>
			<dict>
				<key>LastUpgradeCheck</key>
				<string>0450</string>
			</dict>
			<key>buildConfigurationList</key>
			<string>ED2BDDD658704629B21EB7E5</string>
			<key>compatibilityVersion</key>
			<string>Xcode 3.2</string>
			<key>developmentRegion</key>
			<string>English</string>
			<key>hasScannedForEncodings</key>
			<string>0</string>
			<key>isa</key>
			<string>PBXProject</string>
			<key>knownRegions</key>
			<array>
				<string>en</string>
			</array>
			<key>mainGroup</key>
			<string>A7421142ABEF49C9909C8BC5</string>
			<key>productRefGroup</key>
			<string>B9380D6EB7EA4630A649BBBC</string>
			<key>projectReferences</key>
			<array/>
			<key>targets</key>
			<array>
				<string>8D192D508D1048E4A5889ED0</string>
			</array>
		</dict>
		<key>1E0D749EC80A4E2FAA37B746</key>
		<dict>
			<key>includeInIndex</key>
			<string>1</string>
			<key>isa</key>
			<string>PBXFileReference</string>
			<key>lastKnownFileType</key>
			<string>sourcecode.c.objc</string>
			<key>name</key>
			<string>ConversionFormViewController.m</string>
			<key>path</key>
			<string>src/ConversionFormViewController.m</string>
			<key>sourceTree</key>
			<string>SOURCE_ROOT</string>
		</dict>
		<key>2697548256C3412D97519505</key>
		<dict>
			<key>buildSettings</key>
			<dict/>
			<key>isa</key>
			<string>XCBuildConfiguration</string>
			<key>name</key>
			<string>Release</string>
		</dict>
		<key>32F5AD95FF444C7483DF4516</key>
		<dict>
			<key>includeInIndex</key>
			<string>1</string>
			<key>isa</key>
			<string>PBXFileReference</string>
			<key>name</key>
			<string>ConversionFormViewController.xib</string>
			<key>path</key>
			<string>src/ConversionFormViewController.xib</string>
			<key>sourceTree</key>
			<string>SOURCE_ROOT</string>
		</dict>
		<key>3ADFD2723FFC4988B301AB32</key>
		<dict>
			<key>buildActionMask</key>
			<string>2147483647</string>
			<key>files</key>
			<array>
				<string>3F54F0942CB249AF9D3174A0</string>
				<string>FBFDF6DF1038452F97C03413</string>
			</array>
			<key>isa</key>
			<string>PBXHeadersBuildPhase</string>
			<key>runOnlyForDeploymentPostprocessing</key>
			<string>0</string>
		</dict>
		<key>3CF4AE83C0E943A48492369C</key>
		<dict>
			<key>includeInIndex</key>
			<string>1</string>
			<key>isa</key>
			<string>PBXFileReference</string>
			<key>lastKnownFileType</key>
			<string>wrapper.framework</string>
			<key>name</key>
			<string>UIKit.framework</string>
			<key>path</key>
			<string>System/Library/Frameworks/UIKit.framework</string>
			<key>sourceTree</key>
			<string>SDKROOT</string>
		</dict>
		<key>3F54F0942CB249AF9D3174A0</key>
		<dict>
			<key>fileRef</key>
			<string>BA766F1885184B0C8D555A82</string>
			<key>isa</key>
			<string>PBXBuildFile</string>
			<key>settings</key>
			<dict/>
		</dict>
		<key>41676F21125A4EFC8E5C4090</key>
		<dict>
			<key>children</key>
			<array>
				<string>5A79DD1C29C842999588BC33</string>
			</array>
			<key>isa</key>
			<string>PBXGroup</string>
			<key>name</key>
			<string>en.lproj</string>
			<key>sourceTree</key>
			<string>&lt;group&gt;</string>
		</dict>
		<key>4DCB734E2FCE46A59C4CA356</key>
		<dict>
			<key>includeInIndex</key>
			<string>1</string>
			<key>isa</key>
			<string>PBXFileReference</string>
			<key>lastKnownFileType</key>
			<string>sourcecode.c.h</string>
			<key>name</key>
			<string>ConversionFormViewController.h</string>
			<key>path</key>
			<string>src/ConversionFormViewController.h</string>
			<key>sourceTree</key>
			<string>SOURCE_ROOT</string>
		</dict>
		<key>59E73DA52050486E9FE5CB2E</key>
		<dict>
			<key>buildActionMask</key>
			<string>2147483647</string>
			<key>files</key>
			<array/>
			<key>inputPaths</key>
			<array/>
			<key>isa</key>
			<string>PBXShellScriptBuildPhase</string>
			<key>name</key>
			<string>Check Pods Manifest.lock</string>
			<key>outputPaths</key>
			<array/>
			<key>runOnlyForDeploymentPostprocessing</key>
			<string>0</string>
			<key>shellPath</key>
			<string>/bin/sh</string>
			<key>shellScript</key>
			<string>diff "${PODS_ROOT}/../Podfile.lock" "${PODS_ROOT}/Manifest.lock" &gt; /dev/null
if [[ $? != 0 ]] ; then
    cat &lt;&lt; EOM
error: The sandbox is not in sync with the Podfile.lock. Run 'pod install' or update your CocoaPods installation.
EOM
    exit 1
fi
</string>
			<key>showEnvVarsInLog</key>
			<string>1</string>
		</dict>
		<key>5A79DD1C29C842999588BC33</key>
		<dict>
			<key>includeInIndex</key>
			<string>1</string>
			<key>isa</key>
			<string>PBXFileReference</string>
			<key>name</key>
			<string>InfoPlist.strings</string>
			<key>path</key>
			<string>src/en.lproj/InfoPlist.strings</string>
			<key>sourceTree</key>
			<string>SOURCE_ROOT</string>
		</dict>
		<key>5F13980AF22A49E7BC78EFF8</key>
		<dict>
			<key>fileRef</key>
			<string>B1936B24AB0A46AE91655E44</string>
			<key>isa</key>
			<string>PBXBuildFile</string>
			<key>settings</key>
			<dict/>
		</dict>
		<key>6A4A7FECC8514ABF8A178C69</key>
		<dict>
			<key>children</key>
			<array>
				<string>A9605C15B8EE43DF9B55F72E</string>
				<string>3CF4AE83C0E943A48492369C</string>
				<string>6B8C7CB03535445CA544E7A3</string>
				<string>F72BCFF3F9944E58BA0A6E18</string>
			</array>
			<key>isa</key>
			<string>PBXGroup</string>
			<key>name</key>
			<string>Frameworks</string>
			<key>sourceTree</key>
			<string>&lt;group&gt;</string>
		</dict>
		<key>6B8C7CB03535445CA544E7A3</key>
		<dict>
			<key>includeInIndex</key>
			<string>1</string>
			<key>isa</key>
			<string>PBXFileReference</string>
			<key>lastKnownFileType</key>
			<string>wrapper.framework</string>
			<key>name</key>
			<string>CoreGraphics.framework</string>
			<key>path</key>
			<string>System/Library/Frameworks/CoreGraphics.framework</string>
			<key>sourceTree</key>
			<string>SDKROOT</string>
		</dict>
		<key>6E2BD967DC82498F94AF1706</key>
		<dict>
			<key>fileRef</key>
			<string>0F0F097B1BEF4DB999EF0FB0</string>
			<key>isa</key>
			<string>PBXBuildFile</string>
			<key>settings</key>
			<dict/>
		</dict>
		<key>77C58ED070CC43A0B5B03165</key>
		<dict>
			<key>buildSettings</key>
			<dict/>
			<key>isa</key>
			<string>XCBuildConfiguration</string>
			<key>name</key>
			<string>Debug</string>
		</dict>
		<key>7CD934FA2E7A4F04B1FED4F5</key>
		<dict>
			<key>explicitFileType</key>
			<string>archive.ar</string>
			<key>includeInIndex</key>
			<string>0</string>
			<key>isa</key>
			<string>PBXFileReference</string>
			<key>name</key>
			<string>libconverter.a</string>
			<key>path</key>
			<string>libconverter.a</string>
			<key>sourceTree</key>
			<string>BUILT_PRODUCTS_DIR</string>
		</dict>
		<key>87E6585637B44DD59D975735</key>
		<dict>
			<key>fileRef</key>
			<string>3CF4AE83C0E943A48492369C</string>
			<key>isa</key>
			<string>PBXBuildFile</string>
			<key>settings</key>
			<dict/>
		</dict>
		<key>8CFAFFD9F6504D7AA35DB3C5</key>
		<dict>
			<key>fileRef</key>
			<string>D3F6E44703C542ECACA0DD98</string>
			<key>isa</key>
			<string>PBXBuildFile</string>
			<key>settings</key>
			<dict/>
		</dict>
		<key>8D192D508D1048E4A5889ED0</key>
		<dict>
			<key>buildConfigurationList</key>
			<string>0E3B31E3EB2D46CA9ABC4E39</string>
			<key>buildPhases</key>
			<array>
				<string>59E73DA52050486E9FE5CB2E</string>
				<string>CAEB1F6CB3BB444ABB084468</string>
				<string>F2A20FFA85C44450AECD1F5C</string>
				<string>006D6B6A6C974CFA9559509B</string>
				<string>3ADFD2723FFC4988B301AB32</string>
				<string></string>
				<string>A7DFD55B25B14F13A2E42FE6</string>
			</array>
			<key>buildRules</key>
			<array/>
			<key>dependencies</key>
			<array/>
			<key>isa</key>
			<string>PBXNativeTarget</string>
			<key>name</key>
			<string>converter</string>
			<key>productName</key>
			<string>converter</string>
			<key>productReference</key>
			<string>7CD934FA2E7A4F04B1FED4F5</string>
			<key>productType</key>
			<string>com.apple.product-type.application</string>
		</dict>
		<key>9D885D4A237E4E8484AC8C82</key>
		<dict>
			<key>fileRef</key>
			<string>1E0D749EC80A4E2FAA37B746</string>
			<key>isa</key>
			<string>PBXBuildFile</string>
			<key>settings</key>
			<dict/>
		</dict>
		<key>9EB7931B35E3427CAE06BE68</key>
		<dict>
			<key>baseConfigurationReference</key>
			<string>D6C2B90E2DC84B3794099ACD</string>
			<key>buildSettings</key>
			<dict>
				<key>ALWAYS_SEARCH_USER_PATHS</key>
				<string>NO</string>
				<key>ARCHS</key>
				<string>$(ARCHS_STANDARD_32_BIT)</string>
				<key>COPY_PHASE_STRIP</key>
				<string>YES</string>
				<key>GCC_C_LANGUAGE_STANDARD</key>
				<string>gnu99</string>
				<key>GCC_PRECOMPILE_PREFIX_HEADER</key>
				<string>YES</string>
				<key>GCC_PREFIX_HEADER</key>
				<string>src/converter-Prefix.pch</string>
				<key>GCC_VERSION</key>
				<string>com.apple.compilers.llvm.clang.1_0</string>
				<key>INFOPLIST_FILE</key>
				<string>src/converter-Info.plist</string>
				<key>IPHONEOS_DEPLOYMENT_TARGET</key>
				<string>5.0</string>
				<key>OTHER_CFLAGS</key>
				<array>
					<string>-DNS_BLOCK_ASSERTIONS=1</string>
					<string>$(inherited)</string>
				</array>
				<key>OTHER_CPLUSPLUSFLAGS</key>
				<array>
					<string>-DNS_BLOCK_ASSERTIONS=1</string>
					<string>$(inherited)</string>
				</array>
				<key>OTHER_LDFLAGS</key>
				<array>
					<string>-ObjC</string>
					<string>-all_load</string>
				</array>
				<key>PRODUCT_NAME</key>
				<string>$(TARGET_NAME)</string>
				<key>PUBLIC_HEADERS_FOLDER_PATH</key>
				<string>$(TARGET_NAME)</string>
				<key>SDKROOT</key>
				<string>iphoneos</string>
				<key>SKIP_INSTALL</key>
				<string>NO</string>
				<key>VALIDATE_PRODUCT</key>
				<string>YES</string>
			</dict>
			<key>isa</key>
			<string>XCBuildConfiguration</string>
			<key>name</key>
			<string>Release</string>
		</dict>
		<key>A7421142ABEF49C9909C8BC5</key>
		<dict>
			<key>children</key>
			<array>
				<string>B9380D6EB7EA4630A649BBBC</string>
				<string>6A4A7FECC8514ABF8A178C69</string>
				<string>BA766F1885184B0C8D555A82</string>
				<string>B1936B24AB0A46AE91655E44</string>
				<string>4DCB734E2FCE46A59C4CA356</string>
				<string>1E0D749EC80A4E2FAA37B746</string>
				<string>32F5AD95FF444C7483DF4516</string>
				<string>F52407E4ECE54CF8AD6955D8</string>
				<string>13013FFEC2074960B35386AE</string>
				<string>41676F21125A4EFC8E5C4090</string>
				<string>0F0F097B1BEF4DB999EF0FB0</string>
				<string>D3F6E44703C542ECACA0DD98</string>
				<string>D6C2B90E2DC84B3794099ACD</string>
			</array>
			<key>isa</key>
			<string>PBXGroup</string>
			<key>sourceTree</key>
			<string>&lt;group&gt;</string>
		</dict>
		<key>A7DFD55B25B14F13A2E42FE6</key>
		<dict>
			<key>buildActionMask</key>
			<string>2147483647</string>
			<key>files</key>
			<array/>
			<key>inputPaths</key>
			<array/>
			<key>isa</key>
			<string>PBXShellScriptBuildPhase</string>
			<key>name</key>
			<string>Copy Pods Resources</string>
			<key>outputPaths</key>
			<array/>
			<key>runOnlyForDeploymentPostprocessing</key>
			<string>0</string>
			<key>shellPath</key>
			<string>/bin/sh</string>
			<key>shellScript</key>
			<string>"${SRCROOT}/Pods/Pods-resources.sh"
</string>
			<key>showEnvVarsInLog</key>
			<string>1</string>
		</dict>
		<key>A9605C15B8EE43DF9B55F72E</key>
		<dict>
			<key>includeInIndex</key>
			<string>1</string>
			<key>isa</key>
			<string>PBXFileReference</string>
			<key>lastKnownFileType</key>
			<string>wrapper.framework</string>
			<key>name</key>
			<string>Foundation.framework</string>
			<key>path</key>
			<string>Platforms/iPhoneOS.platform/Developer/SDKs/iPhoneOS6.1.sdk/System/Library/Frameworks/Foundation.framework</string>
			<key>sourceTree</key>
			<string>DEVELOPER_DIR</string>
		</dict>
		<key>B1936B24AB0A46AE91655E44</key>
		<dict>
			<key>includeInIndex</key>
			<string>1</string>
			<key>isa</key>
			<string>PBXFileReference</string>
			<key>lastKnownFileType</key>
			<string>sourcecode.c.objc</string>
			<key>name</key>
			<string>AppDelegate.m</string>
			<key>path</key>
			<string>src/AppDelegate.m</string>
			<key>sourceTree</key>
			<string>SOURCE_ROOT</string>
		</dict>
		<key>B6EA6175192F4E61AAD2012D</key>
		<dict>
			<key>baseConfigurationReference</key>
			<string>D6C2B90E2DC84B3794099ACD</string>
			<key>buildSettings</key>
			<dict>
				<key>ALWAYS_SEARCH_USER_PATHS</key>
				<string>NO</string>
				<key>ARCHS</key>
				<string>$(ARCHS_STANDARD_32_BIT)</string>
				<key>COPY_PHASE_STRIP</key>
				<string>NO</string>
				<key>GCC_C_LANGUAGE_STANDARD</key>
				<string>gnu99</string>
				<key>GCC_DYNAMIC_NO_PIC</key>
				<string>NO</string>
				<key>GCC_OPTIMIZATION_LEVEL</key>
				<string>0</string>
				<key>GCC_PRECOMPILE_PREFIX_HEADER</key>
				<string>YES</string>
				<key>GCC_PREFIX_HEADER</key>
				<string>src/converter-Prefix.pch</string>
				<key>GCC_PREPROCESSOR_DEFINITIONS</key>
				<array>
					<string>DEBUG=1</string>
					<string>$(inherited)</string>
				</array>
				<key>GCC_SYMBOLS_PRIVATE_EXTERN</key>
				<string>NO</string>
				<key>GCC_VERSION</key>
				<string>com.apple.compilers.llvm.clang.1_0</string>
				<key>INFOPLIST_FILE</key>
				<string>src/converter-Info.plist</string>
				<key>IPHONEOS_DEPLOYMENT_TARGET</key>
				<string>5.0</string>
				<key>OTHER_LDFLAGS</key>
				<array>
					<string>-ObjC</string>
					<string>-all_load</string>
				</array>
				<key>PRODUCT_NAME</key>
				<string>$(TARGET_NAME)</string>
				<key>PUBLIC_HEADERS_FOLDER_PATH</key>
				<string>$(TARGET_NAME)</string>
				<key>SDKROOT</key>
				<string>iphoneos</string>
				<key>SKIP_INSTALL</key>
				<string>NO</string>
			</dict>
			<key>isa</key>
			<string>XCBuildConfiguration</string>
			<key>name</key>
			<string>Debug</string>
		</dict>
		<key>B9380D6EB7EA4630A649BBBC</key>
		<dict>
			<key>children</key>
			<array>
				<string>7CD934FA2E7A4F04B1FED4F5</string>
			</array>
			<key>isa</key>
			<string>PBXGroup</string>
			<key>name</key>
			<string>Products</string>
			<key>sourceTree</key>
			<string>&lt;group&gt;</string>
		</dict>
		<key>BA766F1885184B0C8D555A82</key>
		<dict>
			<key>includeInIndex</key>
			<string>1</string>
			<key>isa</key>
			<string>PBXFileReference</string>
			<key>lastKnownFileType</key>
			<string>sourcecode.c.h</string>
			<key>name</key>
			<string>AppDelegate.h</string>
			<key>path</key>
			<string>src/AppDelegate.h</string>
			<key>sourceTree</key>
			<string>SOURCE_ROOT</string>
		</dict>
		<key>CAEB1F6CB3BB444ABB084468</key>
		<dict>
			<key>buildActionMask</key>
			<string>2147483647</string>
			<key>files</key>
			<array/>
			<key>inputPaths</key>
			<array/>
			<key>isa</key>
			<string>PBXShellScriptBuildPhase</string>
			<key>name</key>
			<string>Build Calatrava Kernel &amp; Shell</string>
			<key>outputPaths</key>
			<array/>
			<key>runOnlyForDeploymentPostprocessing</key>
			<string>0</string>
			<key>shellPath</key>
			<string>/bin/bash</string>
			<key>shellScript</key>
			<string>source ${SRCROOT}/../build_env.sh
bundle exec rake ios:xcode:prebuild</string>
			<key>showEnvVarsInLog</key>
			<string>1</string>
		</dict>
		<key>CD9056CE55034247AD98F49B</key>
		<dict>
			<key>fileRef</key>
			<string>F52407E4ECE54CF8AD6955D8</string>
			<key>isa</key>
			<string>PBXBuildFile</string>
			<key>settings</key>
			<dict/>
		</dict>
		<key>D314893211F144AF91CCAFA1</key>
		<dict>
			<key>fileRef</key>
			<string>32F5AD95FF444C7483DF4516</string>
			<key>isa</key>
			<string>PBXBuildFile</string>
			<key>settings</key>
			<dict/>
		</dict>
		<key>D3F6E44703C542ECACA0DD98</key>
		<dict>
			<key>includeInIndex</key>
			<string>1</string>
			<key>isa</key>
			<string>PBXFileReference</string>
			<key>lastKnownFileType</key>
			<string>folder</string>
			<key>name</key>
			<string>public</string>
			<key>path</key>
			<string>public</string>
			<key>sourceTree</key>
			<string>SOURCE_ROOT</string>
		</dict>
		<key>D6C2B90E2DC84B3794099ACD</key>
		<dict>
			<key>includeInIndex</key>
			<string>1</string>
			<key>isa</key>
			<string>PBXFileReference</string>
			<key>lastKnownFileType</key>
			<string>text.xcconfig</string>
			<key>name</key>
			<string>Pods.xcconfig</string>
			<key>path</key>
			<string>Pods/Pods.xcconfig</string>
			<key>sourceTree</key>
			<string>SOURCE_ROOT</string>
		</dict>
		<key>E842C588B332446681E03843</key>
		<dict>
			<key>fileRef</key>
			<string>A9605C15B8EE43DF9B55F72E</string>
			<key>isa</key>
			<string>PBXBuildFile</string>
			<key>settings</key>
			<dict/>
		</dict>
		<key>ED2BDDD658704629B21EB7E5</key>
		<dict>
			<key>buildConfigurations</key>
			<array>
				<string>2697548256C3412D97519505</string>
				<string>77C58ED070CC43A0B5B03165</string>
			</array>
			<key>defaultConfigurationIsVisible</key>
			<string>0</string>
			<key>defaultConfigurationName</key>
			<string>Release</string>
			<key>isa</key>
			<string>XCConfigurationList</string>
		</dict>
		<key>EE0D16B424B94DBE90256B6D</key>
		<dict>
			<key>fileRef</key>
			<string>F72BCFF3F9944E58BA0A6E18</string>
			<key>isa</key>
			<string>PBXBuildFile</string>
			<key>settings</key>
			<dict/>
		</dict>
		<key>F2A20FFA85C44450AECD1F5C</key>
		<dict>
			<key>buildActionMask</key>
			<string>2147483647</string>
			<key>files</key>
			<array>
				<string>5F13980AF22A49E7BC78EFF8</string>
				<string>9D885D4A237E4E8484AC8C82</string>
				<string>D314893211F144AF91CCAFA1</string>
				<string>CD9056CE55034247AD98F49B</string>
				<string>F9128F537D3249C3B64C2977</string>
				<string>F7B13169952F48C89D00D28E</string>
				<string>6E2BD967DC82498F94AF1706</string>
			</array>
			<key>isa</key>
			<string>PBXSourcesBuildPhase</string>
			<key>runOnlyForDeploymentPostprocessing</key>
			<string>0</string>
		</dict>
		<key>F52407E4ECE54CF8AD6955D8</key>
		<dict>
			<key>includeInIndex</key>
			<string>1</string>
			<key>isa</key>
			<string>PBXFileReference</string>
			<key>name</key>
			<string>converter-Info.plist</string>
			<key>path</key>
			<string>src/converter-Info.plist</string>
			<key>sourceTree</key>
			<string>SOURCE_ROOT</string>
		</dict>
		<key>F72BCFF3F9944E58BA0A6E18</key>
		<dict>
			<key>explicitFileType</key>
			<string>archive.ar</string>
			<key>includeInIndex</key>
			<string>0</string>
			<key>isa</key>
			<string>PBXFileReference</string>
			<key>name</key>
			<string>libPods.a</string>
			<key>path</key>
			<string>libPods.a</string>
			<key>sourceTree</key>
			<string>BUILT_PRODUCTS_DIR</string>
		</dict>
		<key>F7B13169952F48C89D00D28E</key>
		<dict>
			<key>fileRef</key>
			<string>5A79DD1C29C842999588BC33</string>
			<key>isa</key>
			<string>PBXBuildFile</string>
			<key>settings</key>
			<dict/>
		</dict>
		<key>F9128F537D3249C3B64C2977</key>
		<dict>
			<key>fileRef</key>
			<string>13013FFEC2074960B35386AE</string>
			<key>isa</key>
			<string>PBXBuildFile</string>
			<key>settings</key>
			<dict/>
		</dict>
		<key>FBFDF6DF1038452F97C03413</key>
		<dict>
			<key>fileRef</key>
			<string>4DCB734E2FCE46A59C4CA356</string>
			<key>isa</key>
			<string>PBXBuildFile</string>
			<key>settings</key>
			<dict/>
		</dict>
	</dict>
	<key>rootObject</key>
	<string>1DF635B22B92483AB85A8220</string>
</dict>
</plist>
